
Microsoft Visual Studio Solution File, Format Version 12.00
# Visual Studio Version 17
VisualStudioVersion = 17.5.33530.505
MinimumVisualStudioVersion = 10.0.40219.1
Project("{9A19103F-16F7-4668-BE54-9A1E7A4F7556}") = "ChallengeB3.API", "ChallengeB3.API\ChallengeB3.API.csproj", "{97122BB7-794E-46F2-8A19-EF87607F81D0}"
EndProject
Project("{9A19103F-16F7-4668-BE54-9A1E7A4F7556}") = "ChallengeB3.WebApp", "ChallengeB3.WebApp\ChallengeB3.WebApp.csproj", "{91FC2184-C18A-4C24-B126-BE88C3ECEEDC}"
EndProject
Project("{9A19103F-16F7-4668-BE54-9A1E7A4F7556}") = "ChallengeB3.API.Tests", "ChallengeB3.API.Tests\ChallengeB3.API.Tests.csproj", "{89206F1F-FAF0-4120-983D-B93A5B8C1137}"
EndProject
Project("{9A19103F-16F7-4668-BE54-9A1E7A4F7556}") = "ChallengeB3.Domain", "ChallengeB3.Domain\ChallengeB3.Domain.csproj", "{35400FCB-D840-4CBA-B7F0-AADF5E6C4605}"
EndProject
Project("{2150E333-8FDC-42A3-9474-1A3956D46DE8}") = "1 - Application", "1 - Application", "{C4C82AB4-7B6D-4735-A2F4-90B193837B76}"
EndProject
Project("{2150E333-8FDC-42A3-9474-1A3956D46DE8}") = "2 - Domain", "2 - Domain", "{45F5B285-EEA3-4C45-81F6-25E4525146C1}"
EndProject
Project("{2150E333-8FDC-42A3-9474-1A3956D46DE8}") = "3 - Services", "3 - Services", "{EFE496DF-2AE2-4F09-B153-AD974011AF80}"
EndProject
Project("{9A19103F-16F7-4668-BE54-9A1E7A4F7556}") = "ChallengeB3.Services", "ChallengeB3.Services\ChallengeB3.Services.csproj", "{1A716A82-B7BC-42E9-A05C-C18F036BCC26}"
EndProject
Project("{2150E333-8FDC-42A3-9474-1A3956D46DE8}") = "4 - Tests", "4 - Tests", "{9498345E-E82E-4376-A323-CA7F648B14E7}"
EndProject
Project("{2150E333-8FDC-42A3-9474-1A3956D46DE8}") = "5 - WebApp", "5 - WebApp", "{CC9823CA-9D87-4CCB-8BEB-5ACC69C0A834}"
EndProject
Project("{2150E333-8FDC-42A3-9474-1A3956D46DE8}") = "Solution Items", "Solution Items", "{8A0C250F-7CE7-4AE7-8383-AB2F0FC448E5}"
	ProjectSection(SolutionItems) = preProject
		readme.mk = readme.mk
	EndProjectSection
EndProject
Global
	GlobalSection(SolutionConfigurationPlatforms) = preSolution
		Debug|Any CPU = Debug|Any CPU
		Release|Any CPU = Release|Any CPU
	EndGlobalSection
	GlobalSection(ProjectConfigurationPlatforms) = postSolution
		{97122BB7-794E-46F2-8A19-EF87607F81D0}.Debug|Any CPU.ActiveCfg = Debug|Any CPU
		{97122BB7-794E-46F2-8A19-EF87607F81D0}.Debug|Any CPU.Build.0 = Debug|Any CPU
		{97122BB7-794E-46F2-8A19-EF87607F81D0}.Release|Any CPU.ActiveCfg = Release|Any CPU
		{97122BB7-794E-46F2-8A19-EF87607F81D0}.Release|Any CPU.Build.0 = Release|Any CPU
		{91FC2184-C18A-4C24-B126-BE88C3ECEEDC}.Debug|Any CPU.ActiveCfg = Debug|Any CPU
		{91FC2184-C18A-4C24-B126-BE88C3ECEEDC}.Debug|Any CPU.Build.0 = Debug|Any CPU
		{91FC2184-C18A-4C24-B126-BE88C3ECEEDC}.Release|Any CPU.ActiveCfg = Release|Any CPU
		{91FC2184-C18A-4C24-B126-BE88C3ECEEDC}.Release|Any CPU.Build.0 = Release|Any CPU
		{89206F1F-FAF0-4120-983D-B93A5B8C1137}.Debug|Any CPU.ActiveCfg = Debug|Any CPU
		{89206F1F-FAF0-4120-983D-B93A5B8C1137}.Debug|Any CPU.Build.0 = Debug|Any CPU
		{89206F1F-FAF0-4120-983D-B93A5B8C1137}.Release|Any CPU.ActiveCfg = Release|Any CPU
		{89206F1F-FAF0-4120-983D-B93A5B8C1137}.Release|Any CPU.Build.0 = Release|Any CPU
		{35400FCB-D840-4CBA-B7F0-AADF5E6C4605}.Debug|Any CPU.ActiveCfg = Debug|Any CPU
		{35400FCB-D840-4CBA-B7F0-AADF5E6C4605}.Debug|Any CPU.Build.0 = Debug|Any CPU
		{35400FCB-D840-4CBA-B7F0-AADF5E6C4605}.Release|Any CPU.ActiveCfg = Release|Any CPU
		{35400FCB-D840-4CBA-B7F0-AADF5E6C4605}.Release|Any CPU.Build.0 = Release|Any CPU
		{1A716A82-B7BC-42E9-A05C-C18F036BCC26}.Debug|Any CPU.ActiveCfg = Debug|Any CPU
		{1A716A82-B7BC-42E9-A05C-C18F036BCC26}.Debug|Any CPU.Build.0 = Debug|Any CPU
		{1A716A82-B7BC-42E9-A05C-C18F036BCC26}.Release|Any CPU.ActiveCfg = Release|Any CPU
		{1A716A82-B7BC-42E9-A05C-C18F036BCC26}.Release|Any CPU.Build.0 = Release|Any CPU
	EndGlobalSection
	GlobalSection(SolutionProperties) = preSolution
		HideSolutionNode = FALSE
	EndGlobalSection
	GlobalSection(NestedProjects) = preSolution
		{97122BB7-794E-46F2-8A19-EF87607F81D0} = {C4C82AB4-7B6D-4735-A2F4-90B193837B76}
		{91FC2184-C18A-4C24-B126-BE88C3ECEEDC} = {CC9823CA-9D87-4CCB-8BEB-5ACC69C0A834}
		{89206F1F-FAF0-4120-983D-B93A5B8C1137} = {9498345E-E82E-4376-A323-CA7F648B14E7}
		{35400FCB-D840-4CBA-B7F0-AADF5E6C4605} = {45F5B285-EEA3-4C45-81F6-25E4525146C1}
		{1A716A82-B7BC-42E9-A05C-C18F036BCC26} = {EFE496DF-2AE2-4F09-B153-AD974011AF80}
	EndGlobalSection
	GlobalSection(ExtensibilityGlobals) = postSolution
		SolutionGuid = {B9EEBFC0-7DB5-4551-8B1A-ACCD87A9BBA5}
	EndGlobalSection
EndGlobal
